PODS:
  - GGXSwiftExtension (0.3.3)

DEPENDENCIES:
  - GGXSwiftExtension (from `../`)

EXTERNAL SOURCES:
  GGXSwiftExtension:
    :path: "../"

SPEC CHECKSUMS:
  GGXSwiftExtension: fb0eb52ed0c6e76ceb65a9d69d3810c16cacdbbe

PODFILE CHECKSUM: 1bcdbbff5a8d577c473cd1f5cc9a7695a24438e1

COCOAPODS: 1.14.3
