PODS:
  - GGXSwiftExtension (0.4.9)

DEPENDENCIES:
  - GGXSwiftExtension (from `../`)

EXTERNAL SOURCES:
  GGXSwiftExtension:
    :path: "../"

SPEC CHECKSUMS:
  GGXSwiftExtension: 135757ca13b15104a46a319a4a7aa3e7409cfdc4

PODFILE CHECKSUM: 1bcdbbff5a8d577c473cd1f5cc9a7695a24438e1

COCOAPODS: 1.15.0
