PODS:
  - GGXSwiftExtension (0.2.3)

DEPENDENCIES:
  - GGXSwiftExtension (from `../`)

EXTERNAL SOURCES:
  GGXSwiftExtension:
    :path: "../"

SPEC CHECKSUMS:
  GGXSwiftExtension: 6b2c728c53d6c4a561d676b951e54cedcf3074fa

PODFILE CHECKSUM: 1bcdbbff5a8d577c473cd1f5cc9a7695a24438e1

COCOAPODS: 1.12.1
